
Microsoft Visual Studio Solution File, Format Version 12.00
# Visual Studio 15
VisualStudioVersion = 15.0.27428.2011
MinimumVisualStudioVersion = 10.0.40219.1
Project("{FAE04EC0-301F-11D3-BF4B-00C04F79EFBC}") = "DrinkUps", "DrinkUps\DrinkUps.csproj", "{074D92CE-9910-4B55-85E1-C3394ACE4B46}"
EndProject
Global
	GlobalSection(SolutionConfigurationPlatforms) = preSolution
		Debug|Any CPU = Debug|Any CPU
		Release|Any CPU = Release|Any CPU
	EndGlobalSection
	GlobalSection(ProjectConfigurationPlatforms) = postSolution
		{074D92CE-9910-4B55-85E1-C3394ACE4B46}.Debug|Any CPU.ActiveCfg = Debug|Any CPU
		{074D92CE-9910-4B55-85E1-C3394ACE4B46}.Debug|Any CPU.Build.0 = Debug|Any CPU
		{074D92CE-9910-4B55-85E1-C3394ACE4B46}.Release|Any CPU.ActiveCfg = Release|Any CPU
		{074D92CE-9910-4B55-85E1-C3394ACE4B46}.Release|Any CPU.Build.0 = Release|Any CPU
	EndGlobalSection
	GlobalSection(SolutionProperties) = preSolution
		HideSolutionNode = FALSE
	EndGlobalSection
	GlobalSection(ExtensibilityGlobals) = postSolution
		SolutionGuid = {3A30F10A-B76C-4FD7-BA57-20EE3F1101E2}
	EndGlobalSection
EndGlobal
